// !$*UTF8*$!
{
	archiveVersion = 1;
	classes = {
	};
	objectVersion = 50;
	objects = {

/* Begin PBXBuildFile section */
		6E45E5AA26877D4800965A41 /* Dashboard.swift in Sources */ = {isa = PBXBuildFile; fileRef = 6E45E5A926877D4800965A41 /* Dashboard.swift */; };
		6E45E5AD26877F8900965A41 /* Infomodel.swift in Sources */ = {isa = PBXBuildFile; fileRef = 6E45E5AC26877F8900965A41 /* Infomodel.swift */; };
		6E45E5B026879AEE00965A41 /* Devicesheet.swift in Sources */ = {isa = PBXBuildFile; fileRef = 6E45E5AF26879AEE00965A41 /* Devicesheet.swift */; };
		6E45E5B32687A1E500965A41 /* RecentWeatherEventCard.swift in Sources */ = {isa = PBXBuildFile; fileRef = 6E45E5B22687A1E500965A41 /* RecentWeatherEventCard.swift */; };
		6E70E0FF2686EF7B002A52D5 /* ViewModel.swift in Sources */ = {isa = PBXBuildFile; fileRef = 6E70E0FE2686EF7B002A52D5 /* ViewModel.swift */; };
		6E70E1032686EFEB002A52D5 /* MainView.swift in Sources */ = {isa = PBXBuildFile; fileRef = 6E70E1022686EFEB002A52D5 /* MainView.swift */; };
		6E70E1072686F4BA002A52D5 /* MapView.swift in Sources */ = {isa = PBXBuildFile; fileRef = 6E70E1062686F4BA002A52D5 /* MapView.swift */; };
		6E70E10A2686F63B002A52D5 /* RecentEvents.swift in Sources */ = {isa = PBXBuildFile; fileRef = 6E70E1092686F63B002A52D5 /* RecentEvents.swift */; };
		6EF46A3F2687071A009B8AA1 /* MapComponentView.swift in Sources */ = {isa = PBXBuildFile; fileRef = 6EF46A3E2687071A009B8AA1 /* MapComponentView.swift */; };
		6EF46A4226870878009B8AA1 /* RecentEventCard.swift in Sources */ = {isa = PBXBuildFile; fileRef = 6EF46A4126870878009B8AA1 /* RecentEventCard.swift */; };
		7883044E2686DF6100DBECFB /* ForestFlockApp.swift in Sources */ = {isa = PBXBuildFile; fileRef = 7883044D2686DF6100DBECFB /* ForestFlockApp.swift */; };
		788304502686DF6100DBECFB /* ContentView.swift in Sources */ = {isa = PBXBuildFile; fileRef = 7883044F2686DF6100DBECFB /* ContentView.swift */; };
		788304522686DF6200DBECFB /* Assets.xcassets in Resources */ = {isa = PBXBuildFile; fileRef = 788304512686DF6200DBECFB /* Assets.xcassets */; };
		788304552686DF6200DBECFB /* Preview Assets.xcassets in Resources */ = {isa = PBXBuildFile; fileRef = 788304542686DF6200DBECFB /* Preview Assets.xcassets */; };
		78EDE0412687DAB800C02BA4 /* FireWidget.swift in Sources */ = {isa = PBXBuildFile; fileRef = 78EDE0402687DAB800C02BA4 /* FireWidget.swift */; };
		78EDE0432687DE5900C02BA4 /* SpeciesWidget.swift in Sources */ = {isa = PBXBuildFile; fileRef = 78EDE0422687DE5900C02BA4 /* SpeciesWidget.swift */; };
/* End PBXBuildFile section */

/* Begin PBXFileReference section */
		6E45E5A926877D4800965A41 /* Dashboard.swift */ = {isa = PBXFileReference; lastKnownFileType = sourcecode.swift; path = Dashboard.swift; sourceTree = "<group>"; };
		6E45E5AC26877F8900965A41 /* Infomodel.swift */ = {isa = PBXFileReference; lastKnownFileType = sourcecode.swift; path = Infomodel.swift; sourceTree = "<group>"; };
		6E45E5AF26879AEE00965A41 /* Devicesheet.swift */ = {isa = PBXFileReference; lastKnownFileType = sourcecode.swift; path = Devicesheet.swift; sourceTree = "<group>"; };
		6E45E5B22687A1E500965A41 /* RecentWeatherEventCard.swift */ = {isa = PBXFileReference; lastKnownFileType = sourcecode.swift; path = RecentWeatherEventCard.swift; sourceTree = "<group>"; };
		6E70E0FE2686EF7B002A52D5 /* ViewModel.swift */ = {isa = PBXFileReference; lastKnownFileType = sourcecode.swift; name = ViewModel.swift; path = ForestFlock/Models/ViewModel.swift; sourceTree = SOURCE_ROOT; };
		6E70E1022686EFEB002A52D5 /* MainView.swift */ = {isa = PBXFileReference; lastKnownFileType = sourcecode.swift; name = MainView.swift; path = ForestFlock/MainView.swift; sourceTree = SOURCE_ROOT; };
		6E70E1062686F4BA002A52D5 /* MapView.swift */ = {isa = PBXFileReference; lastKnownFileType = sourcecode.swift; path = MapView.swift; sourceTree = "<group>"; };
		6E70E1092686F63B002A52D5 /* RecentEvents.swift */ = {isa = PBXFileReference; lastKnownFileType = sourcecode.swift; path = RecentEvents.swift; sourceTree = "<group>"; };
		6EF46A3E2687071A009B8AA1 /* MapComponentView.swift */ = {isa = PBXFileReference; lastKnownFileType = sourcecode.swift; path = MapComponentView.swift; sourceTree = "<group>"; };
		6EF46A4126870878009B8AA1 /* RecentEventCard.swift */ = {isa = PBXFileReference; lastKnownFileType = sourcecode.swift; path = RecentEventCard.swift; sourceTree = "<group>"; };
		7883044A2686DF6100DBECFB /* ForestFlock.app */ = {isa = PBXFileReference; explicitFileType = wrapper.application; includeInIndex = 0; path = ForestFlock.app; sourceTree = BUILT_PRODUCTS_DIR; };
		7883044D2686DF6100DBECFB /* ForestFlockApp.swift */ = {isa = PBXFileReference; lastKnownFileType = sourcecode.swift; name = ForestFlockApp.swift; path = ForestFlock/ForestFlockApp.swift; sourceTree = SOURCE_ROOT; };
		7883044F2686DF6100DBECFB /* ContentView.swift */ = {isa = PBXFileReference; lastKnownFileType = sourcecode.swift; name = ContentView.swift; path = ForestFlock/ContentView.swift; sourceTree = SOURCE_ROOT; };
		788304512686DF6200DBECFB /* Assets.xcassets */ = {isa = PBXFileReference; lastKnownFileType = folder.assetcatalog; path = Assets.xcassets; sourceTree = "<group>"; };
		788304542686DF6200DBECFB /* Preview Assets.xcassets */ = {isa = PBXFileReference; lastKnownFileType = folder.assetcatalog; name = "Preview Assets.xcassets"; path = "ForestFlock/Preview Content/Preview Assets.xcassets"; sourceTree = SOURCE_ROOT; };
		788304562686DF6200DBECFB /* Info.plist */ = {isa = PBXFileReference; lastKnownFileType = text.plist.xml; path = Info.plist; sourceTree = "<group>"; };
		78EDE0402687DAB800C02BA4 /* FireWidget.swift */ = {isa = PBXFileReference; lastKnownFileType = sourcecode.swift; path = FireWidget.swift; sourceTree = "<group>"; };
		78EDE0422687DE5900C02BA4 /* SpeciesWidget.swift */ = {isa = PBXFileReference; lastKnownFileType = sourcecode.swift; path = SpeciesWidget.swift; sourceTree = "<group>"; };
/* End PBXFileReference section */

/* Begin PBXFrameworksBuildPhase section */
		788304472686DF6100DBECFB /* Frameworks */ = {
			isa = PBXFrameworksBuildPhase;
			buildActionMask = 2147483647;
			files = (
			);
			runOnlyForDeploymentPostprocessing = 0;
		};
/* End PBXFrameworksBuildPhase section */

/* Begin PBXGroup section */
		6E70E0FD2686EF62002A52D5 /* Models */ = {
			isa = PBXGroup;
			children = (
				6E70E0FE2686EF7B002A52D5 /* ViewModel.swift */,
				6E45E5AC26877F8900965A41 /* Infomodel.swift */,
			);
			path = Models;
			sourceTree = "<group>";
		};
		788304412686DF6100DBECFB = {
			isa = PBXGroup;
			children = (
				7883044C2686DF6100DBECFB /* ForestFlock */,
				7883044B2686DF6100DBECFB /* Products */,
			);
			sourceTree = "<group>";
		};
		7883044B2686DF6100DBECFB /* Products */ = {
			isa = PBXGroup;
			children = (
				7883044A2686DF6100DBECFB /* ForestFlock.app */,
			);
			name = Products;
			sourceTree = "<group>";
		};
		7883044C2686DF6100DBECFB /* ForestFlock */ = {
			isa = PBXGroup;
			children = (
				78EDE03F2687DA8E00C02BA4 /* DashboardWidgets */,
				6E70E0FD2686EF62002A52D5 /* Models */,
				7883044D2686DF6100DBECFB /* ForestFlockApp.swift */,
				7883044F2686DF6100DBECFB /* ContentView.swift */,
				788304512686DF6200DBECFB /* Assets.xcassets */,
				788304562686DF6200DBECFB /* Info.plist */,
				788304532686DF6200DBECFB /* Preview Content */,
				6E70E1022686EFEB002A52D5 /* MainView.swift */,
				6E70E1062686F4BA002A52D5 /* MapView.swift */,
				6E70E1092686F63B002A52D5 /* RecentEvents.swift */,
				6EF46A3E2687071A009B8AA1 /* MapComponentView.swift */,
				6EF46A4126870878009B8AA1 /* RecentEventCard.swift */,
				6E45E5A926877D4800965A41 /* Dashboard.swift */,
				6E45E5AF26879AEE00965A41 /* Devicesheet.swift */,
				6E45E5B22687A1E500965A41 /* RecentWeatherEventCard.swift */,
			);
			path = ForestFlock;
			sourceTree = "<group>";
		};
		788304532686DF6200DBECFB /* Preview Content */ = {
			isa = PBXGroup;
			children = (
				788304542686DF6200DBECFB /* Preview Assets.xcassets */,
			);
			path = "Preview Content";
			sourceTree = "<group>";
		};
		78EDE03F2687DA8E00C02BA4 /* DashboardWidgets */ = {
			isa = PBXGroup;
			children = (
				78EDE0402687DAB800C02BA4 /* FireWidget.swift */,
				78EDE0422687DE5900C02BA4 /* SpeciesWidget.swift */,
			);
			path = DashboardWidgets;
			sourceTree = "<group>";
		};
/* End PBXGroup section */

/* Begin PBXNativeTarget section */
		788304492686DF6100DBECFB /* ForestFlock */ = {
			isa = PBXNativeTarget;
			buildConfigurationList = 788304592686DF6200DBECFB /* Build configuration list for PBXNativeTarget "ForestFlock" */;
			buildPhases = (
				788304462686DF6100DBECFB /* Sources */,
				788304472686DF6100DBECFB /* Frameworks */,
				788304482686DF6100DBECFB /* Resources */,
			);
			buildRules = (
			);
			dependencies = (
			);
			name = ForestFlock;
			productName = ForestFlock;
			productReference = 7883044A2686DF6100DBECFB /* ForestFlock.app */;
			productType = "com.apple.product-type.application";
		};
/* End PBXNativeTarget section */

/* Begin PBXProject section */
		788304422686DF6100DBECFB /* Project object */ = {
			isa = PBXProject;
			attributes = {
				LastSwiftUpdateCheck = 1250;
				LastUpgradeCheck = 1250;
				TargetAttributes = {
					788304492686DF6100DBECFB = {
						CreatedOnToolsVersion = 12.5.1;
					};
				};
			};
			buildConfigurationList = 788304452686DF6100DBECFB /* Build configuration list for PBXProject "ForestFlock" */;
			compatibilityVersion = "Xcode 9.3";
			developmentRegion = en;
			hasScannedForEncodings = 0;
			knownRegions = (
				en,
				Base,
			);
			mainGroup = 788304412686DF6100DBECFB;
			productRefGroup = 7883044B2686DF6100DBECFB /* Products */;
			projectDirPath = "";
			projectRoot = "";
			targets = (
				788304492686DF6100DBECFB /* ForestFlock */,
			);
		};
/* End PBXProject section */

/* Begin PBXResourcesBuildPhase section */
		788304482686DF6100DBECFB /* Resources */ = {
			isa = PBXResourcesBuildPhase;
			buildActionMask = 2147483647;
			files = (
				788304552686DF6200DBECFB /* Preview Assets.xcassets in Resources */,
				788304522686DF6200DBECFB /* Assets.xcassets in Resources */,
			);
			runOnlyForDeploymentPostprocessing = 0;
		};
/* End PBXResourcesBuildPhase section */

/* Begin PBXSourcesBuildPhase section */
		788304462686DF6100DBECFB /* Sources */ = {
			isa = PBXSourcesBuildPhase;
			buildActionMask = 2147483647;
			files = (
				788304502686DF6100DBECFB /* ContentView.swift in Sources */,
				6E70E1032686EFEB002A52D5 /* MainView.swift in Sources */,
				6E70E1072686F4BA002A52D5 /* MapView.swift in Sources */,
				6E70E0FF2686EF7B002A52D5 /* ViewModel.swift in Sources */,
				78EDE0432687DE5900C02BA4 /* SpeciesWidget.swift in Sources */,
				6E45E5B32687A1E500965A41 /* RecentWeatherEventCard.swift in Sources */,
				6E45E5AA26877D4800965A41 /* Dashboard.swift in Sources */,
				6E45E5AD26877F8900965A41 /* Infomodel.swift in Sources */,
				7883044E2686DF6100DBECFB /* ForestFlockApp.swift in Sources */,
				6E45E5B026879AEE00965A41 /* Devicesheet.swift in Sources */,
				6EF46A4226870878009B8AA1 /* RecentEventCard.swift in Sources */,
				6EF46A3F2687071A009B8AA1 /* MapComponentView.swift in Sources */,
				6E70E10A2686F63B002A52D5 /* RecentEvents.swift in Sources */,
				78EDE0412687DAB800C02BA4 /* FireWidget.swift in Sources */,
			);
			runOnlyForDeploymentPostprocessing = 0;
		};
/* End PBXSourcesBuildPhase section */

/* Begin XCBuildConfiguration section */
		788304572686DF6200DBECFB /* Debug */ = {
			isa = XCBuildConfiguration;
			buildSettings = {
				ALWAYS_SEARCH_USER_PATHS = NO;
				CLANG_ANALYZER_NONNULL = YES;
				CLANG_ANALYZER_NUMBER_OBJECT_CONVERSION = YES_AGGRESSIVE;
				CLANG_CXX_LANGUAGE_STANDARD = "gnu++14";
				CLANG_CXX_LIBRARY = "libc++";
				CLANG_ENABLE_MODULES = YES;
				CLANG_ENABLE_OBJC_ARC = YES;
				CLANG_ENABLE_OBJC_WEAK = YES;
				CLANG_WARN_BLOCK_CAPTURE_AUTORELEASING = YES;
				CLANG_WARN_BOOL_CONVERSION = YES;
				CLANG_WARN_COMMA = YES;
				CLANG_WARN_CONSTANT_CONVERSION = YES;
				CLANG_WARN_DEPRECATED_OBJC_IMPLEMENTATIONS = YES;
				CLANG_WARN_DIRECT_OBJC_ISA_USAGE = YES_ERROR;
				CLANG_WARN_DOCUMENTATION_COMMENTS = YES;
				CLANG_WARN_EMPTY_BODY = YES;
				CLANG_WARN_ENUM_CONVERSION = YES;
				CLANG_WARN_INFINITE_RECURSION = YES;
				CLANG_WARN_INT_CONVERSION = YES;
				CLANG_WARN_NON_LITERAL_NULL_CONVERSION = YES;
				CLANG_WARN_OBJC_IMPLICIT_RETAIN_SELF = YES;
				CLANG_WARN_OBJC_LITERAL_CONVERSION = YES;
				CLANG_WARN_OBJC_ROOT_CLASS = YES_ERROR;
				CLANG_WARN_QUOTED_INCLUDE_IN_FRAMEWORK_HEADER = YES;
				CLANG_WARN_RANGE_LOOP_ANALYSIS = YES;
				CLANG_WARN_STRICT_PROTOTYPES = YES;
				CLANG_WARN_SUSPICIOUS_MOVE = YES;
				CLANG_WARN_UNGUARDED_AVAILABILITY = YES_AGGRESSIVE;
				CLANG_WARN_UNREACHABLE_CODE = YES;
				CLANG_WARN__DUPLICATE_METHOD_MATCH = YES;
				COPY_PHASE_STRIP = NO;
				DEBUG_INFORMATION_FORMAT = dwarf;
				ENABLE_STRICT_OBJC_MSGSEND = YES;
				ENABLE_TESTABILITY = YES;
				GCC_C_LANGUAGE_STANDARD = gnu11;
				GCC_DYNAMIC_NO_PIC = NO;
				GCC_NO_COMMON_BLOCKS = YES;
				GCC_OPTIMIZATION_LEVEL = 0;
				GCC_PREPROCESSOR_DEFINITIONS = (
					"DEBUG=1",
					"$(inherited)",
				);
				GCC_WARN_64_TO_32_BIT_CONVERSION = YES;
				GCC_WARN_ABOUT_RETURN_TYPE = YES_ERROR;
				GCC_WARN_UNDECLARED_SELECTOR = YES;
				GCC_WARN_UNINITIALIZED_AUTOS = YES_AGGRESSIVE;
				GCC_WARN_UNUSED_FUNCTION = YES;
				GCC_WARN_UNUSED_VARIABLE = YES;
				IPHONEOS_DEPLOYMENT_TARGET = 14.5;
				MTL_ENABLE_DEBUG_INFO = INCLUDE_SOURCE;
				MTL_FAST_MATH = YES;
				ONLY_ACTIVE_ARCH = YES;
				SDKROOT = iphoneos;
				SWIFT_ACTIVE_COMPILATION_CONDITIONS = DEBUG;
				SWIFT_OPTIMIZATION_LEVEL = "-Onone";
			};
			name = Debug;
		};
		788304582686DF6200DBECFB /* Release */ = {
			isa = XCBuildConfiguration;
			buildSettings = {
				ALWAYS_SEARCH_USER_PATHS = NO;
				CLANG_ANALYZER_NONNULL = YES;
				CLANG_ANALYZER_NUMBER_OBJECT_CONVERSION = YES_AGGRESSIVE;
				CLANG_CXX_LANGUAGE_STANDARD = "gnu++14";
				CLANG_CXX_LIBRARY = "libc++";
				CLANG_ENABLE_MODULES = YES;
				CLANG_ENABLE_OBJC_ARC = YES;
				CLANG_ENABLE_OBJC_WEAK = YES;
				CLANG_WARN_BLOCK_CAPTURE_AUTORELEASING = YES;
				CLANG_WARN_BOOL_CONVERSION = YES;
				CLANG_WARN_COMMA = YES;
				CLANG_WARN_CONSTANT_CONVERSION = YES;
				CLANG_WARN_DEPRECATED_OBJC_IMPLEMENTATIONS = YES;
				CLANG_WARN_DIRECT_OBJC_ISA_USAGE = YES_ERROR;
				CLANG_WARN_DOCUMENTATION_COMMENTS = YES;
				CLANG_WARN_EMPTY_BODY = YES;
				CLANG_WARN_ENUM_CONVERSION = YES;
				CLANG_WARN_INFINITE_RECURSION = YES;
				CLANG_WARN_INT_CONVERSION = YES;
				CLANG_WARN_NON_LITERAL_NULL_CONVERSION = YES;
				CLANG_WARN_OBJC_IMPLICIT_RETAIN_SELF = YES;
				CLANG_WARN_OBJC_LITERAL_CONVERSION = YES;
				CLANG_WARN_OBJC_ROOT_CLASS = YES_ERROR;
				CLANG_WARN_QUOTED_INCLUDE_IN_FRAMEWORK_HEADER = YES;
				CLANG_WARN_RANGE_LOOP_ANALYSIS = YES;
				CLANG_WARN_STRICT_PROTOTYPES = YES;
				CLANG_WARN_SUSPICIOUS_MOVE = YES;
				CLANG_WARN_UNGUARDED_AVAILABILITY = YES_AGGRESSIVE;
				CLANG_WARN_UNREACHABLE_CODE = YES;
				CLANG_WARN__DUPLICATE_METHOD_MATCH = YES;
				COPY_PHASE_STRIP = NO;
				DEBUG_INFORMATION_FORMAT = "dwarf-with-dsym";
				ENABLE_NS_ASSERTIONS = NO;
				ENABLE_STRICT_OBJC_MSGSEND = YES;
				GCC_C_LANGUAGE_STANDARD = gnu11;
				GCC_NO_COMMON_BLOCKS = YES;
				GCC_WARN_64_TO_32_BIT_CONVERSION = YES;
				GCC_WARN_ABOUT_RETURN_TYPE = YES_ERROR;
				GCC_WARN_UNDECLARED_SELECTOR = YES;
				GCC_WARN_UNINITIALIZED_AUTOS = YES_AGGRESSIVE;
				GCC_WARN_UNUSED_FUNCTION = YES;
				GCC_WARN_UNUSED_VARIABLE = YES;
				IPHONEOS_DEPLOYMENT_TARGET = 14.5;
				MTL_ENABLE_DEBUG_INFO = NO;
				MTL_FAST_MATH = YES;
				SDKROOT = iphoneos;
				SWIFT_COMPILATION_MODE = wholemodule;
				SWIFT_OPTIMIZATION_LEVEL = "-O";
				VALIDATE_PRODUCT = YES;
			};
			name = Release;
		};
		7883045A2686DF6200DBECFB /* Debug */ = {
			isa = XCBuildConfiguration;
			buildSettings = {
				ASSETCATALOG_COMPILER_APPICON_NAME = AppIcon;
				ASSETCATALOG_COMPILER_GLOBAL_ACCENT_COLOR_NAME = AccentColor;
				CODE_SIGN_STYLE = Automatic;
				DEVELOPMENT_ASSET_PATHS = "\"ForestFlock/Preview Content\"";
				DEVELOPMENT_TEAM = 65VEZ757KM;
				ENABLE_PREVIEWS = YES;
				INFOPLIST_FILE = ForestFlock/Info.plist;
				IPHONEOS_DEPLOYMENT_TARGET = 14.0;
				LD_RUNPATH_SEARCH_PATHS = (
					"$(inherited)",
					"@executable_path/Frameworks",
				);
				PRODUCT_BUNDLE_IDENTIFIER = "arpan-dhatt.ForestFlock";
				PRODUCT_NAME = "$(TARGET_NAME)";
				SWIFT_VERSION = 5.0;
				TARGETED_DEVICE_FAMILY = "1,2";
			};
			name = Debug;
		};
		7883045B2686DF6200DBECFB /* Release */ = {
			isa = XCBuildConfiguration;
			buildSettings = {
				ASSETCATALOG_COMPILER_APPICON_NAME = AppIcon;
				ASSETCATALOG_COMPILER_GLOBAL_ACCENT_COLOR_NAME = AccentColor;
				CODE_SIGN_STYLE = Automatic;
				DEVELOPMENT_ASSET_PATHS = "\"ForestFlock/Preview Content\"";
				DEVELOPMENT_TEAM = 65VEZ757KM;
				ENABLE_PREVIEWS = YES;
				INFOPLIST_FILE = ForestFlock/Info.plist;
				IPHONEOS_DEPLOYMENT_TARGET = 14.0;
				LD_RUNPATH_SEARCH_PATHS = (
					"$(inherited)",
					"@executable_path/Frameworks",
				);
				PRODUCT_BUNDLE_IDENTIFIER = "arpan-dhatt.ForestFlock";
				PRODUCT_NAME = "$(TARGET_NAME)";
				SWIFT_VERSION = 5.0;
				TARGETED_DEVICE_FAMILY = "1,2";
			};
			name = Release;
		};
/* End XCBuildConfiguration section */

/* Begin XCConfigurationList section */
		788304452686DF6100DBECFB /* Build configuration list for PBXProject "ForestFlock" */ = {
			isa = XCConfigurationList;
			buildConfigurations = (
				788304572686DF6200DBECFB /* Debug */,
				788304582686DF6200DBECFB /* Release */,
			);
			defaultConfigurationIsVisible = 0;
			defaultConfigurationName = Release;
		};
		788304592686DF6200DBECFB /* Build configuration list for PBXNativeTarget "ForestFlock" */ = {
			isa = XCConfigurationList;
			buildConfigurations = (
				7883045A2686DF6200DBECFB /* Debug */,
				7883045B2686DF6200DBECFB /* Release */,
			);
			defaultConfigurationIsVisible = 0;
			defaultConfigurationName = Release;
		};
/* End XCConfigurationList section */
	};
	rootObject = 788304422686DF6100DBECFB /* Project object */;
}
